
Microsoft Visual Studio Solution File, Format Version 12.00
# Visual Studio Version 17
VisualStudioVersion = 17.4.33205.214
MinimumVisualStudioVersion = 10.0.40219.1
Project("{FAE04EC0-301F-11D3-BF4B-00C04F79EFBC}") = "UWContinuum", "UWContinuum\UWContinuum.csproj", "{6340F165-04BA-4D8A-8849-E66971D753F6}"
EndProject
Global
	GlobalSection(SolutionConfigurationPlatforms) = preSolution
		Debug|Any CPU = Debug|Any CPU
		Release|Any CPU = Release|Any CPU
	EndGlobalSection
	GlobalSection(ProjectConfigurationPlatforms) = postSolution
		{6340F165-04BA-4D8A-8849-E66971D753F6}.Debug|Any CPU.ActiveCfg = Debug|Any CPU
		{6340F165-04BA-4D8A-8849-E66971D753F6}.Debug|Any CPU.Build.0 = Debug|Any CPU
		{6340F165-04BA-4D8A-8849-E66971D753F6}.Release|Any CPU.ActiveCfg = Release|Any CPU
		{6340F165-04BA-4D8A-8849-E66971D753F6}.Release|Any CPU.Build.0 = Release|Any CPU
	EndGlobalSection
	GlobalSection(SolutionProperties) = preSolution
		HideSolutionNode = FALSE
	EndGlobalSection
	GlobalSection(ExtensibilityGlobals) = postSolution
		SolutionGuid = {D60A6107-41F5-43E6-A622-019E5F1B38BC}
	EndGlobalSection
EndGlobal
